
Microsoft Visual Studio Solution File, Format Version 12.00
# Visual Studio Version 16
VisualStudioVersion = 16.0.28803.156
MinimumVisualStudioVersion = 10.0.40219.1
Project("{FAE04EC0-301F-11D3-BF4B-00C04F79EFBC}") = "Krediti", "Krediti\Krediti.csproj", "{9707B437-61DB-4280-BC67-2A6E679C0DC0}"
EndProject
Global
	GlobalSection(SolutionConfigurationPlatforms) = preSolution
		Debug|Any CPU = Debug|Any CPU
		Release|Any CPU = Release|Any CPU
	EndGlobalSection
	GlobalSection(ProjectConfigurationPlatforms) = postSolution
		{9707B437-61DB-4280-BC67-2A6E679C0DC0}.Debug|Any CPU.ActiveCfg = Debug|Any CPU
		{9707B437-61DB-4280-BC67-2A6E679C0DC0}.Debug|Any CPU.Build.0 = Debug|Any CPU
		{9707B437-61DB-4280-BC67-2A6E679C0DC0}.Release|Any CPU.ActiveCfg = Release|Any CPU
		{9707B437-61DB-4280-BC67-2A6E679C0DC0}.Release|Any CPU.Build.0 = Release|Any CPU
	EndGlobalSection
	GlobalSection(SolutionProperties) = preSolution
		HideSolutionNode = FALSE
	EndGlobalSection
	GlobalSection(ExtensibilityGlobals) = postSolution
		SolutionGuid = {335F9064-D33E-4EA7-885D-CB2B2E64E16C}
	EndGlobalSection
EndGlobal
